<?xml version="1.0" encoding="UTF-8"?>
<!DOCTYPE plist PUBLIC "-//Apple//DTD PLIST 1.0//EN" "http://www.apple.com/DTDs/PropertyList-1.0.dtd">
<plist version="1.0">
<dict>
	<key>archiveVersion</key>
	<string>1</string>
	<key>classes</key>
	<dict/>
	<key>objectVersion</key>
	<string>46</string>
	<key>objects</key>
	<dict>
		<key>0915853C1CCB3B7B004F1A6D</key>
		<dict>
			<key>fileEncoding</key>
			<string>4</string>
			<key>isa</key>
			<string>PBXFileReference</string>
			<key>lastKnownFileType</key>
			<string>sourcecode.c.h</string>
			<key>path</key>
			<string>UITableView+SYAdd.h</string>
			<key>sourceTree</key>
			<string>&lt;group&gt;</string>
		</dict>
		<key>0915853D1CCB3B7B004F1A6D</key>
		<dict>
			<key>fileEncoding</key>
			<string>4</string>
			<key>isa</key>
			<string>PBXFileReference</string>
			<key>lastKnownFileType</key>
			<string>sourcecode.c.objc</string>
			<key>path</key>
			<string>UITableView+SYAdd.m</string>
			<key>sourceTree</key>
			<string>&lt;group&gt;</string>
		</dict>
		<key>0915853E1CCB3B7B004F1A6D</key>
		<dict>
			<key>fileRef</key>
			<string>0915853D1CCB3B7B004F1A6D</string>
			<key>isa</key>
			<string>PBXBuildFile</string>
		</dict>
		<key>099523251CE08D3000DB8B94</key>
		<dict>
			<key>fileEncoding</key>
			<string>4</string>
			<key>isa</key>
			<string>PBXFileReference</string>
			<key>lastKnownFileType</key>
			<string>sourcecode.c.h</string>
			<key>path</key>
			<string>SY_BaseTableView.h</string>
			<key>sourceTree</key>
			<string>&lt;group&gt;</string>
		</dict>
		<key>099523261CE08D3000DB8B94</key>
		<dict>
			<key>fileEncoding</key>
			<string>4</string>
			<key>isa</key>
			<string>PBXFileReference</string>
			<key>lastKnownFileType</key>
			<string>sourcecode.c.objc</string>
			<key>path</key>
			<string>SY_BaseTableView.m</string>
			<key>sourceTree</key>
			<string>&lt;group&gt;</string>
		</dict>
		<key>099523271CE08D3000DB8B94</key>
		<dict>
			<key>fileRef</key>
			<string>099523261CE08D3000DB8B94</string>
			<key>isa</key>
			<string>PBXBuildFile</string>
		</dict>
		<key>09BF4DAC1CD4F41A00B25F79</key>
		<dict>
			<key>children</key>
			<array>
				<string>09BF4DAD1CD4F46000B25F79</string>
				<string>09BF4DAE1CD4F46000B25F79</string>
				<string>09BF4DB01CD5020400B25F79</string>
				<string>09BF4DB11CD5020400B25F79</string>
			</array>
			<key>isa</key>
			<string>PBXGroup</string>
			<key>path</key>
			<string>SY_TagLableView</string>
			<key>sourceTree</key>
			<string>&lt;group&gt;</string>
		</dict>
		<key>09BF4DAD1CD4F46000B25F79</key>
		<dict>
			<key>fileEncoding</key>
			<string>4</string>
			<key>isa</key>
			<string>PBXFileReference</string>
			<key>lastKnownFileType</key>
			<string>sourcecode.c.h</string>
			<key>path</key>
			<string>SY_TagLableCell.h</string>
			<key>sourceTree</key>
			<string>&lt;group&gt;</string>
		</dict>
		<key>09BF4DAE1CD4F46000B25F79</key>
		<dict>
			<key>fileEncoding</key>
			<string>4</string>
			<key>isa</key>
			<string>PBXFileReference</string>
			<key>lastKnownFileType</key>
			<string>sourcecode.c.objc</string>
			<key>path</key>
			<string>SY_TagLableCell.m</string>
			<key>sourceTree</key>
			<string>&lt;group&gt;</string>
		</dict>
		<key>09BF4DAF1CD4F46000B25F79</key>
		<dict>
			<key>fileRef</key>
			<string>09BF4DAE1CD4F46000B25F79</string>
			<key>isa</key>
			<string>PBXBuildFile</string>
		</dict>
		<key>09BF4DB01CD5020400B25F79</key>
		<dict>
			<key>fileEncoding</key>
			<string>4</string>
			<key>isa</key>
			<string>PBXFileReference</string>
			<key>lastKnownFileType</key>
			<string>sourcecode.c.h</string>
			<key>path</key>
			<string>SY_TagLableView.h</string>
			<key>sourceTree</key>
			<string>&lt;group&gt;</string>
		</dict>
		<key>09BF4DB11CD5020400B25F79</key>
		<dict>
			<key>fileEncoding</key>
			<string>4</string>
			<key>isa</key>
			<string>PBXFileReference</string>
			<key>lastKnownFileType</key>
			<string>sourcecode.c.objc</string>
			<key>path</key>
			<string>SY_TagLableView.m</string>
			<key>sourceTree</key>
			<string>&lt;group&gt;</string>
		</dict>
		<key>09BF4DB21CD5020400B25F79</key>
		<dict>
			<key>fileRef</key>
			<string>09BF4DB11CD5020400B25F79</string>
			<key>isa</key>
			<string>PBXBuildFile</string>
		</dict>
		<key>09E580561CCA4BD500F02CBD</key>
		<dict>
			<key>fileEncoding</key>
			<string>4</string>
			<key>isa</key>
			<string>PBXFileReference</string>
			<key>lastKnownFileType</key>
			<string>sourcecode.c.h</string>
			<key>path</key>
			<string>UIView+SYAdd.h</string>
			<key>sourceTree</key>
			<string>&lt;group&gt;</string>
		</dict>
		<key>09E580571CCA4BD500F02CBD</key>
		<dict>
			<key>fileEncoding</key>
			<string>4</string>
			<key>isa</key>
			<string>PBXFileReference</string>
			<key>lastKnownFileType</key>
			<string>sourcecode.c.objc</string>
			<key>path</key>
			<string>UIView+SYAdd.m</string>
			<key>sourceTree</key>
			<string>&lt;group&gt;</string>
		</dict>
		<key>09E580581CCA4BD500F02CBD</key>
		<dict>
			<key>fileRef</key>
			<string>09E580571CCA4BD500F02CBD</string>
			<key>isa</key>
			<string>PBXBuildFile</string>
		</dict>
		<key>09FF98DD1CDE27B00061C308</key>
		<dict>
			<key>children</key>
			<array>
				<string>09FF98DE1CDE27D20061C308</string>
				<string>09FF98DF1CDE27D20061C308</string>
				<string>09FF98E11CDE3E3A0061C308</string>
				<string>09FF98E21CDE3E3A0061C308</string>
				<string>099523251CE08D3000DB8B94</string>
				<string>099523261CE08D3000DB8B94</string>
			</array>
			<key>isa</key>
			<string>PBXGroup</string>
			<key>path</key>
			<string>SY_AddressBook</string>
			<key>sourceTree</key>
			<string>&lt;group&gt;</string>
		</dict>
		<key>09FF98DE1CDE27D20061C308</key>
		<dict>
			<key>fileEncoding</key>
			<string>4</string>
			<key>isa</key>
			<string>PBXFileReference</string>
			<key>lastKnownFileType</key>
			<string>sourcecode.c.h</string>
			<key>path</key>
			<string>SY_AddressBookDataManager.h</string>
			<key>sourceTree</key>
			<string>&lt;group&gt;</string>
		</dict>
		<key>09FF98DF1CDE27D20061C308</key>
		<dict>
			<key>fileEncoding</key>
			<string>4</string>
			<key>isa</key>
			<string>PBXFileReference</string>
			<key>lastKnownFileType</key>
			<string>sourcecode.c.objc</string>
			<key>path</key>
			<string>SY_AddressBookDataManager.m</string>
			<key>sourceTree</key>
			<string>&lt;group&gt;</string>
		</dict>
		<key>09FF98E01CDE27D20061C308</key>
		<dict>
			<key>fileRef</key>
			<string>09FF98DF1CDE27D20061C308</string>
			<key>isa</key>
			<string>PBXBuildFile</string>
		</dict>
		<key>09FF98E11CDE3E3A0061C308</key>
		<dict>
			<key>fileEncoding</key>
			<string>4</string>
			<key>isa</key>
			<string>PBXFileReference</string>
			<key>lastKnownFileType</key>
			<string>sourcecode.c.h</string>
			<key>path</key>
			<string>SY_AddressBookModel.h</string>
			<key>sourceTree</key>
			<string>&lt;group&gt;</string>
		</dict>
		<key>09FF98E21CDE3E3A0061C308</key>
		<dict>
			<key>fileEncoding</key>
			<string>4</string>
			<key>isa</key>
			<string>PBXFileReference</string>
			<key>lastKnownFileType</key>
			<string>sourcecode.c.objc</string>
			<key>path</key>
			<string>SY_AddressBookModel.m</string>
			<key>sourceTree</key>
			<string>&lt;group&gt;</string>
		</dict>
		<key>09FF98E31CDE3E3A0061C308</key>
		<dict>
			<key>fileRef</key>
			<string>09FF98E21CDE3E3A0061C308</string>
			<key>isa</key>
			<string>PBXBuildFile</string>
		</dict>
		<key>0B80D41BD564B2B0971F89AE</key>
		<dict>
			<key>includeInIndex</key>
			<string>1</string>
			<key>isa</key>
			<string>PBXFileReference</string>
			<key>lastKnownFileType</key>
			<string>text.xcconfig</string>
			<key>name</key>
			<string>Pods.debug.xcconfig</string>
			<key>path</key>
			<string>Pods/Target Support Files/Pods/Pods.debug.xcconfig</string>
			<key>sourceTree</key>
			<string>&lt;group&gt;</string>
		</dict>
		<key>0BFCB375658C6AC4BE027D58</key>
		<dict>
			<key>children</key>
			<array>
				<string>6F9CC16251DFA36B2DD5B9EB</string>
			</array>
			<key>isa</key>
			<string>PBXGroup</string>
			<key>name</key>
			<string>Frameworks</string>
			<key>sourceTree</key>
			<string>&lt;group&gt;</string>
		</dict>
		<key>3FDE56CD92B6E098E6808799</key>
		<dict>
			<key>buildActionMask</key>
			<string>2147483647</string>
			<key>files</key>
			<array/>
			<key>inputPaths</key>
			<array/>
			<key>isa</key>
			<string>PBXShellScriptBuildPhase</string>
			<key>name</key>
			<string>Copy Pods Resources</string>
			<key>outputPaths</key>
			<array/>
			<key>runOnlyForDeploymentPostprocessing</key>
			<string>0</string>
			<key>shellPath</key>
			<string>/bin/sh</string>
			<key>shellScript</key>
			<string>"${SRCROOT}/Pods/Target Support Files/Pods/Pods-resources.sh"
</string>
			<key>showEnvVarsInLog</key>
			<string>0</string>
		</dict>
		<key>453ED60C1CC5F5B800BEC0FD</key>
		<dict>
			<key>children</key>
			<array>
				<string>453ED6171CC5F5B800BEC0FD</string>
				<string>453ED6311CC5F5B800BEC0FD</string>
				<string>453ED63C1CC5F5B800BEC0FD</string>
				<string>453ED6161CC5F5B800BEC0FD</string>
				<string>67F03B5D49FAF653169BE7B8</string>
				<string>0BFCB375658C6AC4BE027D58</string>
			</array>
			<key>isa</key>
			<string>PBXGroup</string>
			<key>sourceTree</key>
			<string>&lt;group&gt;</string>
		</dict>
		<key>453ED60D1CC5F5B800BEC0FD</key>
		<dict>
			<key>attributes</key>
			<dict>
				<key>LastUpgradeCheck</key>
				<string>0720</string>
				<key>ORGANIZATIONNAME</key>
				<string>shenyunxiang</string>
				<key>TargetAttributes</key>
				<dict>
					<key>453ED6141CC5F5B800BEC0FD</key>
					<dict>
						<key>CreatedOnToolsVersion</key>
						<string>7.2.1</string>
					</dict>
					<key>453ED62D1CC5F5B800BEC0FD</key>
					<dict>
						<key>CreatedOnToolsVersion</key>
						<string>7.2.1</string>
						<key>TestTargetID</key>
						<string>453ED6141CC5F5B800BEC0FD</string>
					</dict>
					<key>453ED6381CC5F5B800BEC0FD</key>
					<dict>
						<key>CreatedOnToolsVersion</key>
						<string>7.2.1</string>
						<key>TestTargetID</key>
						<string>453ED6141CC5F5B800BEC0FD</string>
					</dict>
				</dict>
			</dict>
			<key>buildConfigurationList</key>
			<string>453ED6101CC5F5B800BEC0FD</string>
			<key>compatibilityVersion</key>
			<string>Xcode 3.2</string>
			<key>developmentRegion</key>
			<string>English</string>
			<key>hasScannedForEncodings</key>
			<string>0</string>
			<key>isa</key>
			<string>PBXProject</string>
			<key>knownRegions</key>
			<array>
				<string>en</string>
				<string>Base</string>
			</array>
			<key>mainGroup</key>
			<string>453ED60C1CC5F5B800BEC0FD</string>
			<key>productRefGroup</key>
			<string>453ED6161CC5F5B800BEC0FD</string>
			<key>projectDirPath</key>
			<string></string>
			<key>projectReferences</key>
			<array/>
			<key>projectRoot</key>
			<string></string>
			<key>targets</key>
			<array>
				<string>453ED6141CC5F5B800BEC0FD</string>
				<string>453ED62D1CC5F5B800BEC0FD</string>
				<string>453ED6381CC5F5B800BEC0FD</string>
			</array>
		</dict>
		<key>453ED6101CC5F5B800BEC0FD</key>
		<dict>
			<key>buildConfigurations</key>
			<array>
				<string>453ED6401CC5F5B800BEC0FD</string>
				<string>453ED6411CC5F5B800BEC0FD</string>
			</array>
			<key>defaultConfigurationIsVisible</key>
			<string>0</string>
			<key>defaultConfigurationName</key>
			<string>Release</string>
			<key>isa</key>
			<string>XCConfigurationList</string>
		</dict>
		<key>453ED6111CC5F5B800BEC0FD</key>
		<dict>
			<key>buildActionMask</key>
			<string>2147483647</string>
			<key>files</key>
			<array>
				<string>453ED6201CC5F5B800BEC0FD</string>
				<string>09FF98E31CDE3E3A0061C308</string>
				<string>453ED64E1CC5F74800BEC0FD</string>
				<string>09E580581CCA4BD500F02CBD</string>
				<string>09FF98E01CDE27D20061C308</string>
				<string>09BF4DAF1CD4F46000B25F79</string>
				<string>09BF4DB21CD5020400B25F79</string>
				<string>453ED61D1CC5F5B800BEC0FD</string>
				<string>453ED6521CC5FE8C00BEC0FD</string>
				<string>453ED61A1CC5F5B800BEC0FD</string>
				<string>099523271CE08D3000DB8B94</string>
				<string>0915853E1CCB3B7B004F1A6D</string>
			</array>
			<key>isa</key>
			<string>PBXSourcesBuildPhase</string>
			<key>runOnlyForDeploymentPostprocessing</key>
			<string>0</string>
		</dict>
		<key>453ED6121CC5F5B800BEC0FD</key>
		<dict>
			<key>buildActionMask</key>
			<string>2147483647</string>
			<key>files</key>
			<array>
				<string>DE52495E13DDDFB85D31C15E</string>
			</array>
			<key>isa</key>
			<string>PBXFrameworksBuildPhase</string>
			<key>runOnlyForDeploymentPostprocessing</key>
			<string>0</string>
		</dict>
		<key>453ED6131CC5F5B800BEC0FD</key>
		<dict>
			<key>buildActionMask</key>
			<string>2147483647</string>
			<key>files</key>
			<array>
				<string>453ED6281CC5F5B800BEC0FD</string>
				<string>453ED6251CC5F5B800BEC0FD</string>
				<string>453ED6231CC5F5B800BEC0FD</string>
				<string>453ED6541CC60F1A00BEC0FD</string>
			</array>
			<key>isa</key>
			<string>PBXResourcesBuildPhase</string>
			<key>runOnlyForDeploymentPostprocessing</key>
			<string>0</string>
		</dict>
		<key>453ED6141CC5F5B800BEC0FD</key>
		<dict>
			<key>buildConfigurationList</key>
			<string>453ED6421CC5F5B800BEC0FD</string>
			<key>buildPhases</key>
			<array>
				<string>920FB6087705EBD10C13499A</string>
				<string>453ED6111CC5F5B800BEC0FD</string>
				<string>453ED6121CC5F5B800BEC0FD</string>
				<string>453ED6131CC5F5B800BEC0FD</string>
				<string>828CDDF4349801488FCC2ECF</string>
				<string>3FDE56CD92B6E098E6808799</string>
			</array>
			<key>buildRules</key>
			<array/>
			<key>dependencies</key>
			<array/>
			<key>isa</key>
			<string>PBXNativeTarget</string>
			<key>name</key>
			<string>SY_Tools</string>
			<key>productName</key>
			<string>SY_Tools</string>
			<key>productReference</key>
			<string>453ED6151CC5F5B800BEC0FD</string>
			<key>productType</key>
			<string>com.apple.product-type.application</string>
		</dict>
		<key>453ED6151CC5F5B800BEC0FD</key>
		<dict>
			<key>explicitFileType</key>
			<string>wrapper.application</string>
			<key>includeInIndex</key>
			<string>0</string>
			<key>isa</key>
			<string>PBXFileReference</string>
			<key>path</key>
			<string>SY_Tools.app</string>
			<key>sourceTree</key>
			<string>BUILT_PRODUCTS_DIR</string>
		</dict>
		<key>453ED6161CC5F5B800BEC0FD</key>
		<dict>
			<key>children</key>
			<array>
				<string>453ED6151CC5F5B800BEC0FD</string>
				<string>453ED62E1CC5F5B800BEC0FD</string>
				<string>453ED6391CC5F5B800BEC0FD</string>
			</array>
			<key>isa</key>
			<string>PBXGroup</string>
			<key>name</key>
			<string>Products</string>
			<key>sourceTree</key>
			<string>&lt;group&gt;</string>
		</dict>
		<key>453ED6171CC5F5B800BEC0FD</key>
		<dict>
			<key>children</key>
			<array>
				<string>09FF98DD1CDE27B00061C308</string>
				<string>09BF4DAC1CD4F41A00B25F79</string>
				<string>453ED64F1CC5FE1C00BEC0FD</string>
				<string>453ED64B1CC5F70F00BEC0FD</string>
				<string>453ED61B1CC5F5B800BEC0FD</string>
				<string>453ED61C1CC5F5B800BEC0FD</string>
				<string>453ED61E1CC5F5B800BEC0FD</string>
				<string>453ED61F1CC5F5B800BEC0FD</string>
				<string>453ED6181CC5F5B800BEC0FD</string>
			</array>
			<key>isa</key>
			<string>PBXGroup</string>
			<key>path</key>
			<string>SY_Tools</string>
			<key>sourceTree</key>
			<string>&lt;group&gt;</string>
		</dict>
		<key>453ED6181CC5F5B800BEC0FD</key>
		<dict>
			<key>children</key>
			<array>
				<string>453ED6211CC5F5B800BEC0FD</string>
				<string>453ED6241CC5F5B800BEC0FD</string>
				<string>453ED6261CC5F5B800BEC0FD</string>
				<string>453ED6291CC5F5B800BEC0FD</string>
				<string>453ED6531CC60F1A00BEC0FD</string>
				<string>453ED6191CC5F5B800BEC0FD</string>
			</array>
			<key>isa</key>
			<string>PBXGroup</string>
			<key>name</key>
			<string>Supporting Files</string>
			<key>sourceTree</key>
			<string>&lt;group&gt;</string>
		</dict>
		<key>453ED6191CC5F5B800BEC0FD</key>
		<dict>
			<key>isa</key>
			<string>PBXFileReference</string>
			<key>lastKnownFileType</key>
			<string>sourcecode.c.objc</string>
			<key>path</key>
			<string>main.m</string>
			<key>sourceTree</key>
			<string>&lt;group&gt;</string>
		</dict>
		<key>453ED61A1CC5F5B800BEC0FD</key>
		<dict>
			<key>fileRef</key>
			<string>453ED6191CC5F5B800BEC0FD</string>
			<key>isa</key>
			<string>PBXBuildFile</string>
		</dict>
		<key>453ED61B1CC5F5B800BEC0FD</key>
		<dict>
			<key>isa</key>
			<string>PBXFileReference</string>
			<key>lastKnownFileType</key>
			<string>sourcecode.c.h</string>
			<key>path</key>
			<string>AppDelegate.h</string>
			<key>sourceTree</key>
			<string>&lt;group&gt;</string>
		</dict>
		<key>453ED61C1CC5F5B800BEC0FD</key>
		<dict>
			<key>isa</key>
			<string>PBXFileReference</string>
			<key>lastKnownFileType</key>
			<string>sourcecode.c.objc</string>
			<key>path</key>
			<string>AppDelegate.m</string>
			<key>sourceTree</key>
			<string>&lt;group&gt;</string>
		</dict>
		<key>453ED61D1CC5F5B800BEC0FD</key>
		<dict>
			<key>fileRef</key>
			<string>453ED61C1CC5F5B800BEC0FD</string>
			<key>isa</key>
			<string>PBXBuildFile</string>
		</dict>
		<key>453ED61E1CC5F5B800BEC0FD</key>
		<dict>
			<key>isa</key>
			<string>PBXFileReference</string>
			<key>lastKnownFileType</key>
			<string>sourcecode.c.h</string>
			<key>path</key>
			<string>ViewController.h</string>
			<key>sourceTree</key>
			<string>&lt;group&gt;</string>
		</dict>
		<key>453ED61F1CC5F5B800BEC0FD</key>
		<dict>
			<key>isa</key>
			<string>PBXFileReference</string>
			<key>lastKnownFileType</key>
			<string>sourcecode.c.objc</string>
			<key>path</key>
			<string>ViewController.m</string>
			<key>sourceTree</key>
			<string>&lt;group&gt;</string>
		</dict>
		<key>453ED6201CC5F5B800BEC0FD</key>
		<dict>
			<key>fileRef</key>
			<string>453ED61F1CC5F5B800BEC0FD</string>
			<key>isa</key>
			<string>PBXBuildFile</string>
		</dict>
		<key>453ED6211CC5F5B800BEC0FD</key>
		<dict>
			<key>children</key>
			<array>
				<string>453ED6221CC5F5B800BEC0FD</string>
			</array>
			<key>isa</key>
			<string>PBXVariantGroup</string>
			<key>name</key>
			<string>Main.storyboard</string>
			<key>sourceTree</key>
			<string>&lt;group&gt;</string>
		</dict>
		<key>453ED6221CC5F5B800BEC0FD</key>
		<dict>
			<key>isa</key>
			<string>PBXFileReference</string>
			<key>lastKnownFileType</key>
			<string>file.storyboard</string>
			<key>name</key>
			<string>Base</string>
			<key>path</key>
			<string>Base.lproj/Main.storyboard</string>
			<key>sourceTree</key>
			<string>&lt;group&gt;</string>
		</dict>
		<key>453ED6231CC5F5B800BEC0FD</key>
		<dict>
			<key>fileRef</key>
			<string>453ED6211CC5F5B800BEC0FD</string>
			<key>isa</key>
			<string>PBXBuildFile</string>
		</dict>
		<key>453ED6241CC5F5B800BEC0FD</key>
		<dict>
			<key>isa</key>
			<string>PBXFileReference</string>
			<key>lastKnownFileType</key>
			<string>folder.assetcatalog</string>
			<key>path</key>
			<string>Assets.xcassets</string>
			<key>sourceTree</key>
			<string>&lt;group&gt;</string>
		</dict>
		<key>453ED6251CC5F5B800BEC0FD</key>
		<dict>
			<key>fileRef</key>
			<string>453ED6241CC5F5B800BEC0FD</string>
			<key>isa</key>
			<string>PBXBuildFile</string>
		</dict>
		<key>453ED6261CC5F5B800BEC0FD</key>
		<dict>
			<key>children</key>
			<array>
				<string>453ED6271CC5F5B800BEC0FD</string>
			</array>
			<key>isa</key>
			<string>PBXVariantGroup</string>
			<key>name</key>
			<string>LaunchScreen.storyboard</string>
			<key>sourceTree</key>
			<string>&lt;group&gt;</string>
		</dict>
		<key>453ED6271CC5F5B800BEC0FD</key>
		<dict>
			<key>isa</key>
			<string>PBXFileReference</string>
			<key>lastKnownFileType</key>
			<string>file.storyboard</string>
			<key>name</key>
			<string>Base</string>
			<key>path</key>
			<string>Base.lproj/LaunchScreen.storyboard</string>
			<key>sourceTree</key>
			<string>&lt;group&gt;</string>
		</dict>
		<key>453ED6281CC5F5B800BEC0FD</key>
		<dict>
			<key>fileRef</key>
			<string>453ED6261CC5F5B800BEC0FD</string>
			<key>isa</key>
			<string>PBXBuildFile</string>
		</dict>
		<key>453ED6291CC5F5B800BEC0FD</key>
		<dict>
			<key>isa</key>
			<string>PBXFileReference</string>
			<key>lastKnownFileType</key>
			<string>text.plist.xml</string>
			<key>path</key>
			<string>Info.plist</string>
			<key>sourceTree</key>
			<string>&lt;group&gt;</string>
		</dict>
		<key>453ED62A1CC5F5B800BEC0FD</key>
		<dict>
			<key>buildActionMask</key>
			<string>2147483647</string>
			<key>files</key>
			<array>
				<string>453ED6331CC5F5B800BEC0FD</string>
			</array>
			<key>isa</key>
			<string>PBXSourcesBuildPhase</string>
			<key>runOnlyForDeploymentPostprocessing</key>
			<string>0</string>
		</dict>
		<key>453ED62B1CC5F5B800BEC0FD</key>
		<dict>
			<key>buildActionMask</key>
			<string>2147483647</string>
			<key>files</key>
			<array/>
			<key>isa</key>
			<string>PBXFrameworksBuildPhase</string>
			<key>runOnlyForDeploymentPostprocessing</key>
			<string>0</string>
		</dict>
		<key>453ED62C1CC5F5B800BEC0FD</key>
		<dict>
			<key>buildActionMask</key>
			<string>2147483647</string>
			<key>files</key>
			<array/>
			<key>isa</key>
			<string>PBXResourcesBuildPhase</string>
			<key>runOnlyForDeploymentPostprocessing</key>
			<string>0</string>
		</dict>
		<key>453ED62D1CC5F5B800BEC0FD</key>
		<dict>
			<key>buildConfigurationList</key>
			<string>453ED6451CC5F5B800BEC0FD</string>
			<key>buildPhases</key>
			<array>
				<string>453ED62A1CC5F5B800BEC0FD</string>
				<string>453ED62B1CC5F5B800BEC0FD</string>
				<string>453ED62C1CC5F5B800BEC0FD</string>
			</array>
			<key>buildRules</key>
			<array/>
			<key>dependencies</key>
			<array>
				<string>453ED6301CC5F5B800BEC0FD</string>
			</array>
			<key>isa</key>
			<string>PBXNativeTarget</string>
			<key>name</key>
			<string>SY_ToolsTests</string>
			<key>productName</key>
			<string>SY_ToolsTests</string>
			<key>productReference</key>
			<string>453ED62E1CC5F5B800BEC0FD</string>
			<key>productType</key>
			<string>com.apple.product-type.bundle.unit-test</string>
		</dict>
		<key>453ED62E1CC5F5B800BEC0FD</key>
		<dict>
			<key>explicitFileType</key>
			<string>wrapper.cfbundle</string>
			<key>includeInIndex</key>
			<string>0</string>
			<key>isa</key>
			<string>PBXFileReference</string>
			<key>path</key>
			<string>SY_ToolsTests.xctest</string>
			<key>sourceTree</key>
			<string>BUILT_PRODUCTS_DIR</string>
		</dict>
		<key>453ED62F1CC5F5B800BEC0FD</key>
		<dict>
			<key>containerPortal</key>
			<string>453ED60D1CC5F5B800BEC0FD</string>
			<key>isa</key>
			<string>PBXContainerItemProxy</string>
			<key>proxyType</key>
			<string>1</string>
			<key>remoteGlobalIDString</key>
			<string>453ED6141CC5F5B800BEC0FD</string>
			<key>remoteInfo</key>
			<string>SY_Tools</string>
		</dict>
		<key>453ED6301CC5F5B800BEC0FD</key>
		<dict>
			<key>isa</key>
			<string>PBXTargetDependency</string>
			<key>target</key>
			<string>453ED6141CC5F5B800BEC0FD</string>
			<key>targetProxy</key>
			<string>453ED62F1CC5F5B800BEC0FD</string>
		</dict>
		<key>453ED6311CC5F5B800BEC0FD</key>
		<dict>
			<key>children</key>
			<array>
				<string>453ED6321CC5F5B800BEC0FD</string>
				<string>453ED6341CC5F5B800BEC0FD</string>
			</array>
			<key>isa</key>
			<string>PBXGroup</string>
			<key>path</key>
			<string>SY_ToolsTests</string>
			<key>sourceTree</key>
			<string>&lt;group&gt;</string>
		</dict>
		<key>453ED6321CC5F5B800BEC0FD</key>
		<dict>
			<key>isa</key>
			<string>PBXFileReference</string>
			<key>lastKnownFileType</key>
			<string>sourcecode.c.objc</string>
			<key>path</key>
			<string>SY_ToolsTests.m</string>
			<key>sourceTree</key>
			<string>&lt;group&gt;</string>
		</dict>
		<key>453ED6331CC5F5B800BEC0FD</key>
		<dict>
			<key>fileRef</key>
			<string>453ED6321CC5F5B800BEC0FD</string>
			<key>isa</key>
			<string>PBXBuildFile</string>
		</dict>
		<key>453ED6341CC5F5B800BEC0FD</key>
		<dict>
			<key>isa</key>
			<string>PBXFileReference</string>
			<key>lastKnownFileType</key>
			<string>text.plist.xml</string>
			<key>path</key>
			<string>Info.plist</string>
			<key>sourceTree</key>
			<string>&lt;group&gt;</string>
		</dict>
		<key>453ED6351CC5F5B800BEC0FD</key>
		<dict>
			<key>buildActionMask</key>
			<string>2147483647</string>
			<key>files</key>
			<array>
				<string>453ED63E1CC5F5B800BEC0FD</string>
			</array>
			<key>isa</key>
			<string>PBXSourcesBuildPhase</string>
			<key>runOnlyForDeploymentPostprocessing</key>
			<string>0</string>
		</dict>
		<key>453ED6361CC5F5B800BEC0FD</key>
		<dict>
			<key>buildActionMask</key>
			<string>2147483647</string>
			<key>files</key>
			<array/>
			<key>isa</key>
			<string>PBXFrameworksBuildPhase</string>
			<key>runOnlyForDeploymentPostprocessing</key>
			<string>0</string>
		</dict>
		<key>453ED6371CC5F5B800BEC0FD</key>
		<dict>
			<key>buildActionMask</key>
			<string>2147483647</string>
			<key>files</key>
			<array/>
			<key>isa</key>
			<string>PBXResourcesBuildPhase</string>
			<key>runOnlyForDeploymentPostprocessing</key>
			<string>0</string>
		</dict>
		<key>453ED6381CC5F5B800BEC0FD</key>
		<dict>
			<key>buildConfigurationList</key>
			<string>453ED6481CC5F5B800BEC0FD</string>
			<key>buildPhases</key>
			<array>
				<string>453ED6351CC5F5B800BEC0FD</string>
				<string>453ED6361CC5F5B800BEC0FD</string>
				<string>453ED6371CC5F5B800BEC0FD</string>
			</array>
			<key>buildRules</key>
			<array/>
			<key>dependencies</key>
			<array>
				<string>453ED63B1CC5F5B800BEC0FD</string>
			</array>
			<key>isa</key>
			<string>PBXNativeTarget</string>
			<key>name</key>
			<string>SY_ToolsUITests</string>
			<key>productName</key>
			<string>SY_ToolsUITests</string>
			<key>productReference</key>
			<string>453ED6391CC5F5B800BEC0FD</string>
			<key>productType</key>
			<string>com.apple.product-type.bundle.ui-testing</string>
		</dict>
		<key>453ED6391CC5F5B800BEC0FD</key>
		<dict>
			<key>explicitFileType</key>
			<string>wrapper.cfbundle</string>
			<key>includeInIndex</key>
			<string>0</string>
			<key>isa</key>
			<string>PBXFileReference</string>
			<key>path</key>
			<string>SY_ToolsUITests.xctest</string>
			<key>sourceTree</key>
			<string>BUILT_PRODUCTS_DIR</string>
		</dict>
		<key>453ED63A1CC5F5B800BEC0FD</key>
		<dict>
			<key>containerPortal</key>
			<string>453ED60D1CC5F5B800BEC0FD</string>
			<key>isa</key>
			<string>PBXContainerItemProxy</string>
			<key>proxyType</key>
			<string>1</string>
			<key>remoteGlobalIDString</key>
			<string>453ED6141CC5F5B800BEC0FD</string>
			<key>remoteInfo</key>
			<string>SY_Tools</string>
		</dict>
		<key>453ED63B1CC5F5B800BEC0FD</key>
		<dict>
			<key>isa</key>
			<string>PBXTargetDependency</string>
			<key>target</key>
			<string>453ED6141CC5F5B800BEC0FD</string>
			<key>targetProxy</key>
			<string>453ED63A1CC5F5B800BEC0FD</string>
		</dict>
		<key>453ED63C1CC5F5B800BEC0FD</key>
		<dict>
			<key>children</key>
			<array>
				<string>453ED63D1CC5F5B800BEC0FD</string>
				<string>453ED63F1CC5F5B800BEC0FD</string>
			</array>
			<key>isa</key>
			<string>PBXGroup</string>
			<key>path</key>
			<string>SY_ToolsUITests</string>
			<key>sourceTree</key>
			<string>&lt;group&gt;</string>
		</dict>
		<key>453ED63D1CC5F5B800BEC0FD</key>
		<dict>
			<key>isa</key>
			<string>PBXFileReference</string>
			<key>lastKnownFileType</key>
			<string>sourcecode.c.objc</string>
			<key>path</key>
			<string>SY_ToolsUITests.m</string>
			<key>sourceTree</key>
			<string>&lt;group&gt;</string>
		</dict>
		<key>453ED63E1CC5F5B800BEC0FD</key>
		<dict>
			<key>fileRef</key>
			<string>453ED63D1CC5F5B800BEC0FD</string>
			<key>isa</key>
			<string>PBXBuildFile</string>
		</dict>
		<key>453ED63F1CC5F5B800BEC0FD</key>
		<dict>
			<key>isa</key>
			<string>PBXFileReference</string>
			<key>lastKnownFileType</key>
			<string>text.plist.xml</string>
			<key>path</key>
			<string>Info.plist</string>
			<key>sourceTree</key>
			<string>&lt;group&gt;</string>
		</dict>
		<key>453ED6401CC5F5B800BEC0FD</key>
		<dict>
			<key>buildSettings</key>
			<dict>
				<key>ALWAYS_SEARCH_USER_PATHS</key>
				<string>NO</string>
				<key>CLANG_CXX_LANGUAGE_STANDARD</key>
				<string>gnu++0x</string>
				<key>CLANG_CXX_LIBRARY</key>
				<string>libc++</string>
				<key>CLANG_ENABLE_MODULES</key>
				<string>YES</string>
				<key>CLANG_ENABLE_OBJC_ARC</key>
				<string>YES</string>
				<key>CLANG_WARN_BOOL_CONVERSION</key>
				<string>YES</string>
				<key>CLANG_WARN_CONSTANT_CONVERSION</key>
				<string>YES</string>
				<key>CLANG_WARN_DIRECT_OBJC_ISA_USAGE</key>
				<string>YES_ERROR</string>
				<key>CLANG_WARN_EMPTY_BODY</key>
				<string>YES</string>
				<key>CLANG_WARN_ENUM_CONVERSION</key>
				<string>YES</string>
				<key>CLANG_WARN_INT_CONVERSION</key>
				<string>YES</string>
				<key>CLANG_WARN_OBJC_ROOT_CLASS</key>
				<string>YES_ERROR</string>
				<key>CLANG_WARN_UNREACHABLE_CODE</key>
				<string>YES</string>
				<key>CLANG_WARN__DUPLICATE_METHOD_MATCH</key>
				<string>YES</string>
				<key>CODE_SIGN_IDENTITY[sdk=iphoneos*]</key>
				<string>iPhone Developer</string>
				<key>COPY_PHASE_STRIP</key>
				<string>NO</string>
				<key>DEBUG_INFORMATION_FORMAT</key>
				<string>dwarf</string>
				<key>ENABLE_STRICT_OBJC_MSGSEND</key>
				<string>YES</string>
				<key>ENABLE_TESTABILITY</key>
				<string>YES</string>
				<key>GCC_C_LANGUAGE_STANDARD</key>
				<string>gnu99</string>
				<key>GCC_DYNAMIC_NO_PIC</key>
				<string>NO</string>
				<key>GCC_NO_COMMON_BLOCKS</key>
				<string>YES</string>
				<key>GCC_OPTIMIZATION_LEVEL</key>
				<string>0</string>
				<key>GCC_PREPROCESSOR_DEFINITIONS</key>
				<array>
					<string>DEBUG=1</string>
					<string>$(inherited)</string>
				</array>
				<key>GCC_WARN_64_TO_32_BIT_CONVERSION</key>
				<string>YES</string>
				<key>GCC_WARN_ABOUT_RETURN_TYPE</key>
				<string>YES_ERROR</string>
				<key>GCC_WARN_UNDECLARED_SELECTOR</key>
				<string>YES</string>
				<key>GCC_WARN_UNINITIALIZED_AUTOS</key>
				<string>YES_AGGRESSIVE</string>
				<key>GCC_WARN_UNUSED_FUNCTION</key>
				<string>YES</string>
				<key>GCC_WARN_UNUSED_VARIABLE</key>
				<string>YES</string>
				<key>IPHONEOS_DEPLOYMENT_TARGET</key>
				<string>9.2</string>
				<key>MTL_ENABLE_DEBUG_INFO</key>
				<string>YES</string>
				<key>ONLY_ACTIVE_ARCH</key>
				<string>YES</string>
				<key>SDKROOT</key>
				<string>iphoneos</string>
			</dict>
			<key>isa</key>
			<string>XCBuildConfiguration</string>
			<key>name</key>
			<string>Debug</string>
		</dict>
		<key>453ED6411CC5F5B800BEC0FD</key>
		<dict>
			<key>buildSettings</key>
			<dict>
				<key>ALWAYS_SEARCH_USER_PATHS</key>
				<string>NO</string>
				<key>CLANG_CXX_LANGUAGE_STANDARD</key>
				<string>gnu++0x</string>
				<key>CLANG_CXX_LIBRARY</key>
				<string>libc++</string>
				<key>CLANG_ENABLE_MODULES</key>
				<string>YES</string>
				<key>CLANG_ENABLE_OBJC_ARC</key>
				<string>YES</string>
				<key>CLANG_WARN_BOOL_CONVERSION</key>
				<string>YES</string>
				<key>CLANG_WARN_CONSTANT_CONVERSION</key>
				<string>YES</string>
				<key>CLANG_WARN_DIRECT_OBJC_ISA_USAGE</key>
				<string>YES_ERROR</string>
				<key>CLANG_WARN_EMPTY_BODY</key>
				<string>YES</string>
				<key>CLANG_WARN_ENUM_CONVERSION</key>
				<string>YES</string>
				<key>CLANG_WARN_INT_CONVERSION</key>
				<string>YES</string>
				<key>CLANG_WARN_OBJC_ROOT_CLASS</key>
				<string>YES_ERROR</string>
				<key>CLANG_WARN_UNREACHABLE_CODE</key>
				<string>YES</string>
				<key>CLANG_WARN__DUPLICATE_METHOD_MATCH</key>
				<string>YES</string>
				<key>CODE_SIGN_IDENTITY[sdk=iphoneos*]</key>
				<string>iPhone Developer</string>
				<key>COPY_PHASE_STRIP</key>
				<string>NO</string>
				<key>DEBUG_INFORMATION_FORMAT</key>
				<string>dwarf-with-dsym</string>
				<key>ENABLE_NS_ASSERTIONS</key>
				<string>NO</string>
				<key>ENABLE_STRICT_OBJC_MSGSEND</key>
				<string>YES</string>
				<key>GCC_C_LANGUAGE_STANDARD</key>
				<string>gnu99</string>
				<key>GCC_NO_COMMON_BLOCKS</key>
				<string>YES</string>
				<key>GCC_WARN_64_TO_32_BIT_CONVERSION</key>
				<string>YES</string>
				<key>GCC_WARN_ABOUT_RETURN_TYPE</key>
				<string>YES_ERROR</string>
				<key>GCC_WARN_UNDECLARED_SELECTOR</key>
				<string>YES</string>
				<key>GCC_WARN_UNINITIALIZED_AUTOS</key>
				<string>YES_AGGRESSIVE</string>
				<key>GCC_WARN_UNUSED_FUNCTION</key>
				<string>YES</string>
				<key>GCC_WARN_UNUSED_VARIABLE</key>
				<string>YES</string>
				<key>IPHONEOS_DEPLOYMENT_TARGET</key>
				<string>9.2</string>
				<key>MTL_ENABLE_DEBUG_INFO</key>
				<string>NO</string>
				<key>SDKROOT</key>
				<string>iphoneos</string>
				<key>VALIDATE_PRODUCT</key>
				<string>YES</string>
			</dict>
			<key>isa</key>
			<string>XCBuildConfiguration</string>
			<key>name</key>
			<string>Release</string>
		</dict>
		<key>453ED6421CC5F5B800BEC0FD</key>
		<dict>
			<key>buildConfigurations</key>
			<array>
				<string>453ED6431CC5F5B800BEC0FD</string>
				<string>453ED6441CC5F5B800BEC0FD</string>
			</array>
			<key>defaultConfigurationIsVisible</key>
			<string>0</string>
			<key>defaultConfigurationName</key>
			<string>Release</string>
			<key>isa</key>
			<string>XCConfigurationList</string>
		</dict>
		<key>453ED6431CC5F5B800BEC0FD</key>
		<dict>
			<key>baseConfigurationReference</key>
			<string>0B80D41BD564B2B0971F89AE</string>
			<key>buildSettings</key>
			<dict>
				<key>ASSETCATALOG_COMPILER_APPICON_NAME</key>
				<string>AppIcon</string>
				<key>CODE_SIGN_IDENTITY</key>
				<string>iPhone Developer</string>
				<key>INFOPLIST_FILE</key>
				<string>SY_Tools/Info.plist</string>
				<key>IPHONEOS_DEPLOYMENT_TARGET</key>
				<string>8.0</string>
				<key>LD_RUNPATH_SEARCH_PATHS</key>
				<string>$(inherited) @executable_path/Frameworks</string>
				<key>PRODUCT_BUNDLE_IDENTIFIER</key>
				<string>com.yueme.SY-Tools</string>
				<key>PRODUCT_NAME</key>
				<string>$(TARGET_NAME)</string>
			</dict>
			<key>isa</key>
			<string>XCBuildConfiguration</string>
			<key>name</key>
			<string>Debug</string>
		</dict>
		<key>453ED6441CC5F5B800BEC0FD</key>
		<dict>
			<key>baseConfigurationReference</key>
			<string>B64C2E4892DC7AA86D1796FB</string>
			<key>buildSettings</key>
			<dict>
				<key>ASSETCATALOG_COMPILER_APPICON_NAME</key>
				<string>AppIcon</string>
				<key>CODE_SIGN_IDENTITY</key>
				<string>iPhone Developer</string>
				<key>INFOPLIST_FILE</key>
				<string>SY_Tools/Info.plist</string>
				<key>IPHONEOS_DEPLOYMENT_TARGET</key>
				<string>8.0</string>
				<key>LD_RUNPATH_SEARCH_PATHS</key>
				<string>$(inherited) @executable_path/Frameworks</string>
				<key>PRODUCT_BUNDLE_IDENTIFIER</key>
				<string>com.yueme.SY-Tools</string>
				<key>PRODUCT_NAME</key>
				<string>$(TARGET_NAME)</string>
			</dict>
			<key>isa</key>
			<string>XCBuildConfiguration</string>
			<key>name</key>
			<string>Release</string>
		</dict>
		<key>453ED6451CC5F5B800BEC0FD</key>
		<dict>
			<key>buildConfigurations</key>
			<array>
				<string>453ED6461CC5F5B800BEC0FD</string>
				<string>453ED6471CC5F5B800BEC0FD</string>
			</array>
			<key>defaultConfigurationIsVisible</key>
			<string>0</string>
			<key>defaultConfigurationName</key>
			<string>Release</string>
			<key>isa</key>
			<string>XCConfigurationList</string>
		</dict>
		<key>453ED6461CC5F5B800BEC0FD</key>
		<dict>
			<key>buildSettings</key>
			<dict>
				<key>BUNDLE_LOADER</key>
				<string>$(TEST_HOST)</string>
				<key>INFOPLIST_FILE</key>
				<string>SY_ToolsTests/Info.plist</string>
				<key>LD_RUNPATH_SEARCH_PATHS</key>
				<string>$(inherited) @executable_path/Frameworks @loader_path/Frameworks</string>
				<key>PRODUCT_BUNDLE_IDENTIFIER</key>
				<string>com.yueme.SY-ToolsTests</string>
				<key>PRODUCT_NAME</key>
				<string>$(TARGET_NAME)</string>
				<key>TEST_HOST</key>
				<string>$(BUILT_PRODUCTS_DIR)/SY_Tools.app/SY_Tools</string>
			</dict>
			<key>isa</key>
			<string>XCBuildConfiguration</string>
			<key>name</key>
			<string>Debug</string>
		</dict>
		<key>453ED6471CC5F5B800BEC0FD</key>
		<dict>
			<key>buildSettings</key>
			<dict>
				<key>BUNDLE_LOADER</key>
				<string>$(TEST_HOST)</string>
				<key>INFOPLIST_FILE</key>
				<string>SY_ToolsTests/Info.plist</string>
				<key>LD_RUNPATH_SEARCH_PATHS</key>
				<string>$(inherited) @executable_path/Frameworks @loader_path/Frameworks</string>
				<key>PRODUCT_BUNDLE_IDENTIFIER</key>
				<string>com.yueme.SY-ToolsTests</string>
				<key>PRODUCT_NAME</key>
				<string>$(TARGET_NAME)</string>
				<key>TEST_HOST</key>
				<string>$(BUILT_PRODUCTS_DIR)/SY_Tools.app/SY_Tools</string>
			</dict>
			<key>isa</key>
			<string>XCBuildConfiguration</string>
			<key>name</key>
			<string>Release</string>
		</dict>
		<key>453ED6481CC5F5B800BEC0FD</key>
		<dict>
			<key>buildConfigurations</key>
			<array>
				<string>453ED6491CC5F5B800BEC0FD</string>
				<string>453ED64A1CC5F5B800BEC0FD</string>
			</array>
			<key>defaultConfigurationIsVisible</key>
			<string>0</string>
			<key>defaultConfigurationName</key>
			<string>Release</string>
			<key>isa</key>
			<string>XCConfigurationList</string>
		</dict>
		<key>453ED6491CC5F5B800BEC0FD</key>
		<dict>
			<key>buildSettings</key>
			<dict>
				<key>INFOPLIST_FILE</key>
				<string>SY_ToolsUITests/Info.plist</string>
				<key>LD_RUNPATH_SEARCH_PATHS</key>
				<string>$(inherited) @executable_path/Frameworks @loader_path/Frameworks</string>
				<key>PRODUCT_BUNDLE_IDENTIFIER</key>
				<string>com.yueme.SY-ToolsUITests</string>
				<key>PRODUCT_NAME</key>
				<string>$(TARGET_NAME)</string>
				<key>TEST_TARGET_NAME</key>
				<string>SY_Tools</string>
				<key>USES_XCTRUNNER</key>
				<string>YES</string>
			</dict>
			<key>isa</key>
			<string>XCBuildConfiguration</string>
			<key>name</key>
			<string>Debug</string>
		</dict>
		<key>453ED64A1CC5F5B800BEC0FD</key>
		<dict>
			<key>buildSettings</key>
			<dict>
				<key>INFOPLIST_FILE</key>
				<string>SY_ToolsUITests/Info.plist</string>
				<key>LD_RUNPATH_SEARCH_PATHS</key>
				<string>$(inherited) @executable_path/Frameworks @loader_path/Frameworks</string>
				<key>PRODUCT_BUNDLE_IDENTIFIER</key>
				<string>com.yueme.SY-ToolsUITests</string>
				<key>PRODUCT_NAME</key>
				<string>$(TARGET_NAME)</string>
				<key>TEST_TARGET_NAME</key>
				<string>SY_Tools</string>
				<key>USES_XCTRUNNER</key>
				<string>YES</string>
			</dict>
			<key>isa</key>
			<string>XCBuildConfiguration</string>
			<key>name</key>
			<string>Release</string>
		</dict>
		<key>453ED64B1CC5F70F00BEC0FD</key>
		<dict>
			<key>children</key>
			<array>
				<string>453ED64C1CC5F74800BEC0FD</string>
				<string>453ED64D1CC5F74800BEC0FD</string>
				<string>09E580561CCA4BD500F02CBD</string>
				<string>09E580571CCA4BD500F02CBD</string>
				<string>0915853C1CCB3B7B004F1A6D</string>
				<string>0915853D1CCB3B7B004F1A6D</string>
			</array>
			<key>isa</key>
			<string>PBXGroup</string>
			<key>path</key>
			<string>SY_Category</string>
			<key>sourceTree</key>
			<string>&lt;group&gt;</string>
		</dict>
		<key>453ED64C1CC5F74800BEC0FD</key>
		<dict>
			<key>fileEncoding</key>
			<string>4</string>
			<key>isa</key>
			<string>PBXFileReference</string>
			<key>lastKnownFileType</key>
			<string>sourcecode.c.h</string>
			<key>path</key>
			<string>UIButton+SYAdd.h</string>
			<key>sourceTree</key>
			<string>&lt;group&gt;</string>
		</dict>
		<key>453ED64D1CC5F74800BEC0FD</key>
		<dict>
			<key>fileEncoding</key>
			<string>4</string>
			<key>isa</key>
			<string>PBXFileReference</string>
			<key>lastKnownFileType</key>
			<string>sourcecode.c.objc</string>
			<key>path</key>
			<string>UIButton+SYAdd.m</string>
			<key>sourceTree</key>
			<string>&lt;group&gt;</string>
		</dict>
		<key>453ED64E1CC5F74800BEC0FD</key>
		<dict>
			<key>fileRef</key>
			<string>453ED64D1CC5F74800BEC0FD</string>
			<key>isa</key>
			<string>PBXBuildFile</string>
		</dict>
		<key>453ED64F1CC5FE1C00BEC0FD</key>
		<dict>
			<key>children</key>
			<array>
				<string>453ED6501CC5FE8C00BEC0FD</string>
				<string>453ED6511CC5FE8C00BEC0FD</string>
			</array>
			<key>isa</key>
			<string>PBXGroup</string>
			<key>path</key>
			<string>SY_PicLableView</string>
			<key>sourceTree</key>
			<string>&lt;group&gt;</string>
		</dict>
		<key>453ED6501CC5FE8C00BEC0FD</key>
		<dict>
			<key>fileEncoding</key>
			<string>4</string>
			<key>isa</key>
			<string>PBXFileReference</string>
			<key>lastKnownFileType</key>
			<string>sourcecode.c.h</string>
			<key>path</key>
			<string>SY_PicLableBtn.h</string>
			<key>sourceTree</key>
			<string>&lt;group&gt;</string>
		</dict>
		<key>453ED6511CC5FE8C00BEC0FD</key>
		<dict>
			<key>fileEncoding</key>
			<string>4</string>
			<key>isa</key>
			<string>PBXFileReference</string>
			<key>lastKnownFileType</key>
			<string>sourcecode.c.objc</string>
			<key>path</key>
			<string>SY_PicLableBtn.m</string>
			<key>sourceTree</key>
			<string>&lt;group&gt;</string>
		</dict>
		<key>453ED6521CC5FE8C00BEC0FD</key>
		<dict>
			<key>fileRef</key>
			<string>453ED6511CC5FE8C00BEC0FD</string>
			<key>isa</key>
			<string>PBXBuildFile</string>
		</dict>
		<key>453ED6531CC60F1A00BEC0FD</key>
		<dict>
			<key>isa</key>
			<string>PBXFileReference</string>
			<key>lastKnownFileType</key>
			<string>image.png</string>
			<key>path</key>
			<string>&#35282;&#26631;@2x.png</string>
			<key>sourceTree</key>
			<string>&lt;group&gt;</string>
		</dict>
		<key>453ED6541CC60F1A00BEC0FD</key>
		<dict>
			<key>fileRef</key>
			<string>453ED6531CC60F1A00BEC0FD</string>
			<key>isa</key>
			<string>PBXBuildFile</string>
		</dict>
		<key>67F03B5D49FAF653169BE7B8</key>
		<dict>
			<key>children</key>
			<array>
				<string>0B80D41BD564B2B0971F89AE</string>
				<string>B64C2E4892DC7AA86D1796FB</string>
			</array>
			<key>isa</key>
			<string>PBXGroup</string>
			<key>name</key>
			<string>Pods</string>
			<key>sourceTree</key>
			<string>&lt;group&gt;</string>
		</dict>
		<key>6F9CC16251DFA36B2DD5B9EB</key>
		<dict>
			<key>explicitFileType</key>
			<string>archive.ar</string>
			<key>includeInIndex</key>
			<string>0</string>
			<key>isa</key>
			<string>PBXFileReference</string>
			<key>path</key>
			<string>libPods.a</string>
			<key>sourceTree</key>
			<string>BUILT_PRODUCTS_DIR</string>
		</dict>
		<key>828CDDF4349801488FCC2ECF</key>
		<dict>
			<key>buildActionMask</key>
			<string>2147483647</string>
			<key>files</key>
			<array/>
			<key>inputPaths</key>
			<array/>
			<key>isa</key>
			<string>PBXShellScriptBuildPhase</string>
			<key>name</key>
			<string>Embed Pods Frameworks</string>
			<key>outputPaths</key>
			<array/>
			<key>runOnlyForDeploymentPostprocessing</key>
			<string>0</string>
			<key>shellPath</key>
			<string>/bin/sh</string>
			<key>shellScript</key>
			<string>"${SRCROOT}/Pods/Target Support Files/Pods/Pods-frameworks.sh"
</string>
			<key>showEnvVarsInLog</key>
			<string>0</string>
		</dict>
		<key>920FB6087705EBD10C13499A</key>
		<dict>
			<key>buildActionMask</key>
			<string>2147483647</string>
			<key>files</key>
			<array/>
			<key>inputPaths</key>
			<array/>
			<key>isa</key>
			<string>PBXShellScriptBuildPhase</string>
			<key>name</key>
			<string>Check Pods Manifest.lock</string>
			<key>outputPaths</key>
			<array/>
			<key>runOnlyForDeploymentPostprocessing</key>
			<string>0</string>
			<key>shellPath</key>
			<string>/bin/sh</string>
			<key>shellScript</key>
			<string>diff "${PODS_ROOT}/../Podfile.lock" "${PODS_ROOT}/Manifest.lock" &gt; /dev/null
if [[ $? != 0 ]] ; then
    cat &lt;&lt; EOM
error: The sandbox is not in sync with the Podfile.lock. Run 'pod install' or update your CocoaPods installation.
EOM
    exit 1
fi
</string>
			<key>showEnvVarsInLog</key>
			<string>0</string>
		</dict>
		<key>B64C2E4892DC7AA86D1796FB</key>
		<dict>
			<key>includeInIndex</key>
			<string>1</string>
			<key>isa</key>
			<string>PBXFileReference</string>
			<key>lastKnownFileType</key>
			<string>text.xcconfig</string>
			<key>name</key>
			<string>Pods.release.xcconfig</string>
			<key>path</key>
			<string>Pods/Target Support Files/Pods/Pods.release.xcconfig</string>
			<key>sourceTree</key>
			<string>&lt;group&gt;</string>
		</dict>
		<key>DE52495E13DDDFB85D31C15E</key>
		<dict>
			<key>fileRef</key>
			<string>6F9CC16251DFA36B2DD5B9EB</string>
			<key>isa</key>
			<string>PBXBuildFile</string>
		</dict>
	</dict>
	<key>rootObject</key>
	<string>453ED60D1CC5F5B800BEC0FD</string>
</dict>
</plist>
