// !$*UTF8*$!
{
	archiveVersion = 1;
	classes = {
	};
	objectVersion = 46;
	objects = {

/* Begin PBXBuildFile section */
		453ED61A1CC5F5B800BEC0FD /* main.m in Sources */ = {isa = PBXBuildFile; fileRef = 453ED6191CC5F5B800BEC0FD /* main.m */; };
		453ED61D1CC5F5B800BEC0FD /* AppDelegate.m in Sources */ = {isa = PBXBuildFile; fileRef = 453ED61C1CC5F5B800BEC0FD /* AppDelegate.m */; };
		453ED6201CC5F5B800BEC0FD /* ViewController.m in Sources */ = {isa = PBXBuildFile; fileRef = 453ED61F1CC5F5B800BEC0FD /* ViewController.m */; };
		453ED6231CC5F5B800BEC0FD /* Main.storyboard in Resources */ = {isa = PBXBuildFile; fileRef = 453ED6211CC5F5B800BEC0FD /* Main.storyboard */; };
		453ED6251CC5F5B800BEC0FD /* Assets.xcassets in Resources */ = {isa = PBXBuildFile; fileRef = 453ED6241CC5F5B800BEC0FD /* Assets.xcassets */; };
		453ED6281CC5F5B800BEC0FD /* LaunchScreen.storyboard in Resources */ = {isa = PBXBuildFile; fileRef = 453ED6261CC5F5B800BEC0FD /* LaunchScreen.storyboard */; };
		453ED6331CC5F5B800BEC0FD /* SY_ToolsTests.m in Sources */ = {isa = PBXBuildFile; fileRef = 453ED6321CC5F5B800BEC0FD /* SY_ToolsTests.m */; };
		453ED63E1CC5F5B800BEC0FD /* SY_ToolsUITests.m in Sources */ = {isa = PBXBuildFile; fileRef = 453ED63D1CC5F5B800BEC0FD /* SY_ToolsUITests.m */; };
		453ED64E1CC5F74800BEC0FD /* UIButton+SYAdd.m in Sources */ = {isa = PBXBuildFile; fileRef = 453ED64D1CC5F74800BEC0FD /* UIButton+SYAdd.m */; };
		453ED6521CC5FE8C00BEC0FD /* SY_PicLableBtn.m in Sources */ = {isa = PBXBuildFile; fileRef = 453ED6511CC5FE8C00BEC0FD /* SY_PicLableBtn.m */; };
		453ED6541CC60F1A00BEC0FD /* 角标@2x.png in Resources */ = {isa = PBXBuildFile; fileRef = 453ED6531CC60F1A00BEC0FD /* 角标@2x.png */; };
/* End PBXBuildFile section */

/* Begin PBXContainerItemProxy section */
		453ED62F1CC5F5B800BEC0FD /* PBXContainerItemProxy */ = {
			isa = PBXContainerItemProxy;
			containerPortal = 453ED60D1CC5F5B800BEC0FD /* Project object */;
			proxyType = 1;
			remoteGlobalIDString = 453ED6141CC5F5B800BEC0FD;
			remoteInfo = SY_Tools;
		};
		453ED63A1CC5F5B800BEC0FD /* PBXContainerItemProxy */ = {
			isa = PBXContainerItemProxy;
			containerPortal = 453ED60D1CC5F5B800BEC0FD /* Project object */;
			proxyType = 1;
			remoteGlobalIDString = 453ED6141CC5F5B800BEC0FD;
			remoteInfo = SY_Tools;
		};
/* End PBXContainerItemProxy section */

/* Begin PBXFileReference section */
		453ED6151CC5F5B800BEC0FD /* SY_Tools.app */ = {isa = PBXFileReference; explicitFileType = wrapper.application; includeInIndex = 0; path = SY_Tools.app; sourceTree = BUILT_PRODUCTS_DIR; };
		453ED6191CC5F5B800BEC0FD /* main.m */ = {isa = PBXFileReference; lastKnownFileType = sourcecode.c.objc; path = main.m; sourceTree = "<group>"; };
		453ED61B1CC5F5B800BEC0FD /* AppDelegate.h */ = {isa = PBXFileReference; lastKnownFileType = sourcecode.c.h; path = AppDelegate.h; sourceTree = "<group>"; };
		453ED61C1CC5F5B800BEC0FD /* AppDelegate.m */ = {isa = PBXFileReference; lastKnownFileType = sourcecode.c.objc; path = AppDelegate.m; sourceTree = "<group>"; };
		453ED61E1CC5F5B800BEC0FD /* ViewController.h */ = {isa = PBXFileReference; lastKnownFileType = sourcecode.c.h; path = ViewController.h; sourceTree = "<group>"; };
		453ED61F1CC5F5B800BEC0FD /* ViewController.m */ = {isa = PBXFileReference; lastKnownFileType = sourcecode.c.objc; path = ViewController.m; sourceTree = "<group>"; };
		453ED6221CC5F5B800BEC0FD /* Base */ = {isa = PBXFileReference; lastKnownFileType = file.storyboard; name = Base; path = Base.lproj/Main.storyboard; sourceTree = "<group>"; };
		453ED6241CC5F5B800BEC0FD /* Assets.xcassets */ = {isa = PBXFileReference; lastKnownFileType = folder.assetcatalog; path = Assets.xcassets; sourceTree = "<group>"; };
		453ED6271CC5F5B800BEC0FD /* Base */ = {isa = PBXFileReference; lastKnownFileType = file.storyboard; name = Base; path = Base.lproj/LaunchScreen.storyboard; sourceTree = "<group>"; };
		453ED6291CC5F5B800BEC0FD /* Info.plist */ = {isa = PBXFileReference; lastKnownFileType = text.plist.xml; path = Info.plist; sourceTree = "<group>"; };
		453ED62E1CC5F5B800BEC0FD /* SY_ToolsTests.xctest */ = {isa = PBXFileReference; explicitFileType = wrapper.cfbundle; includeInIndex = 0; path = SY_ToolsTests.xctest; sourceTree = BUILT_PRODUCTS_DIR; };
		453ED6321CC5F5B800BEC0FD /* SY_ToolsTests.m */ = {isa = PBXFileReference; lastKnownFileType = sourcecode.c.objc; path = SY_ToolsTests.m; sourceTree = "<group>"; };
		453ED6341CC5F5B800BEC0FD /* Info.plist */ = {isa = PBXFileReference; lastKnownFileType = text.plist.xml; path = Info.plist; sourceTree = "<group>"; };
		453ED6391CC5F5B800BEC0FD /* SY_ToolsUITests.xctest */ = {isa = PBXFileReference; explicitFileType = wrapper.cfbundle; includeInIndex = 0; path = SY_ToolsUITests.xctest; sourceTree = BUILT_PRODUCTS_DIR; };
		453ED63D1CC5F5B800BEC0FD /* SY_ToolsUITests.m */ = {isa = PBXFileReference; lastKnownFileType = sourcecode.c.objc; path = SY_ToolsUITests.m; sourceTree = "<group>"; };
		453ED63F1CC5F5B800BEC0FD /* Info.plist */ = {isa = PBXFileReference; lastKnownFileType = text.plist.xml; path = Info.plist; sourceTree = "<group>"; };
		453ED64C1CC5F74800BEC0FD /* UIButton+SYAdd.h */ = {isa = PBXFileReference; fileEncoding = 4; lastKnownFileType = sourcecode.c.h; path = "UIButton+SYAdd.h"; sourceTree = "<group>"; };
		453ED64D1CC5F74800BEC0FD /* UIButton+SYAdd.m */ = {isa = PBXFileReference; fileEncoding = 4; lastKnownFileType = sourcecode.c.objc; path = "UIButton+SYAdd.m"; sourceTree = "<group>"; };
		453ED6501CC5FE8C00BEC0FD /* SY_PicLableBtn.h */ = {isa = PBXFileReference; fileEncoding = 4; lastKnownFileType = sourcecode.c.h; path = SY_PicLableBtn.h; sourceTree = "<group>"; };
		453ED6511CC5FE8C00BEC0FD /* SY_PicLableBtn.m */ = {isa = PBXFileReference; fileEncoding = 4; lastKnownFileType = sourcecode.c.objc; path = SY_PicLableBtn.m; sourceTree = "<group>"; };
		453ED6531CC60F1A00BEC0FD /* 角标@2x.png */ = {isa = PBXFileReference; lastKnownFileType = image.png; path = "角标@2x.png"; sourceTree = "<group>"; };
/* End PBXFileReference section */

/* Begin PBXFrameworksBuildPhase section */
		453ED6121CC5F5B800BEC0FD /* Frameworks */ = {
			isa = PBXFrameworksBuildPhase;
			buildActionMask = 2147483647;
			files = (
			);
			runOnlyForDeploymentPostprocessing = 0;
		};
		453ED62B1CC5F5B800BEC0FD /* Frameworks */ = {
			isa = PBXFrameworksBuildPhase;
			buildActionMask = 2147483647;
			files = (
			);
			runOnlyForDeploymentPostprocessing = 0;
		};
		453ED6361CC5F5B800BEC0FD /* Frameworks */ = {
			isa = PBXFrameworksBuildPhase;
			buildActionMask = 2147483647;
			files = (
			);
			runOnlyForDeploymentPostprocessing = 0;
		};
/* End PBXFrameworksBuildPhase section */

/* Begin PBXGroup section */
		453ED60C1CC5F5B800BEC0FD = {
			isa = PBXGroup;
			children = (
				453ED6171CC5F5B800BEC0FD /* SY_Tools */,
				453ED6311CC5F5B800BEC0FD /* SY_ToolsTests */,
				453ED63C1CC5F5B800BEC0FD /* SY_ToolsUITests */,
				453ED6161CC5F5B800BEC0FD /* Products */,
			);
			sourceTree = "<group>";
		};
		453ED6161CC5F5B800BEC0FD /* Products */ = {
			isa = PBXGroup;
			children = (
				453ED6151CC5F5B800BEC0FD /* SY_Tools.app */,
				453ED62E1CC5F5B800BEC0FD /* SY_ToolsTests.xctest */,
				453ED6391CC5F5B800BEC0FD /* SY_ToolsUITests.xctest */,
			);
			name = Products;
			sourceTree = "<group>";
		};
		453ED6171CC5F5B800BEC0FD /* SY_Tools */ = {
			isa = PBXGroup;
			children = (
				453ED6531CC60F1A00BEC0FD /* 角标@2x.png */,
				453ED64F1CC5FE1C00BEC0FD /* SY_PicLableView */,
				453ED64B1CC5F70F00BEC0FD /* SY_Category */,
				453ED61B1CC5F5B800BEC0FD /* AppDelegate.h */,
				453ED61C1CC5F5B800BEC0FD /* AppDelegate.m */,
				453ED61E1CC5F5B800BEC0FD /* ViewController.h */,
				453ED61F1CC5F5B800BEC0FD /* ViewController.m */,
				453ED6211CC5F5B800BEC0FD /* Main.storyboard */,
				453ED6241CC5F5B800BEC0FD /* Assets.xcassets */,
				453ED6261CC5F5B800BEC0FD /* LaunchScreen.storyboard */,
				453ED6291CC5F5B800BEC0FD /* Info.plist */,
				453ED6181CC5F5B800BEC0FD /* Supporting Files */,
			);
			path = SY_Tools;
			sourceTree = "<group>";
		};
		453ED6181CC5F5B800BEC0FD /* Supporting Files */ = {
			isa = PBXGroup;
			children = (
				453ED6191CC5F5B800BEC0FD /* main.m */,
			);
			name = "Supporting Files";
			sourceTree = "<group>";
		};
		453ED6311CC5F5B800BEC0FD /* SY_ToolsTests */ = {
			isa = PBXGroup;
			children = (
				453ED6321CC5F5B800BEC0FD /* SY_ToolsTests.m */,
				453ED6341CC5F5B800BEC0FD /* Info.plist */,
			);
			path = SY_ToolsTests;
			sourceTree = "<group>";
		};
		453ED63C1CC5F5B800BEC0FD /* SY_ToolsUITests */ = {
			isa = PBXGroup;
			children = (
				453ED63D1CC5F5B800BEC0FD /* SY_ToolsUITests.m */,
				453ED63F1CC5F5B800BEC0FD /* Info.plist */,
			);
			path = SY_ToolsUITests;
			sourceTree = "<group>";
		};
		453ED64B1CC5F70F00BEC0FD /* SY_Category */ = {
			isa = PBXGroup;
			children = (
				453ED64C1CC5F74800BEC0FD /* UIButton+SYAdd.h */,
				453ED64D1CC5F74800BEC0FD /* UIButton+SYAdd.m */,
			);
			path = SY_Category;
			sourceTree = "<group>";
		};
		453ED64F1CC5FE1C00BEC0FD /* SY_PicLableView */ = {
			isa = PBXGroup;
			children = (
				453ED6501CC5FE8C00BEC0FD /* SY_PicLableBtn.h */,
				453ED6511CC5FE8C00BEC0FD /* SY_PicLableBtn.m */,
			);
			path = SY_PicLableView;
			sourceTree = "<group>";
		};
/* End PBXGroup section */

/* Begin PBXNativeTarget section */
		453ED6141CC5F5B800BEC0FD /* SY_Tools */ = {
			isa = PBXNativeTarget;
			buildConfigurationList = 453ED6421CC5F5B800BEC0FD /* Build configuration list for PBXNativeTarget "SY_Tools" */;
			buildPhases = (
				453ED6111CC5F5B800BEC0FD /* Sources */,
				453ED6121CC5F5B800BEC0FD /* Frameworks */,
				453ED6131CC5F5B800BEC0FD /* Resources */,
			);
			buildRules = (
			);
			dependencies = (
			);
			name = SY_Tools;
			productName = SY_Tools;
			productReference = 453ED6151CC5F5B800BEC0FD /* SY_Tools.app */;
			productType = "com.apple.product-type.application";
		};
		453ED62D1CC5F5B800BEC0FD /* SY_ToolsTests */ = {
			isa = PBXNativeTarget;
			buildConfigurationList = 453ED6451CC5F5B800BEC0FD /* Build configuration list for PBXNativeTarget "SY_ToolsTests" */;
			buildPhases = (
				453ED62A1CC5F5B800BEC0FD /* Sources */,
				453ED62B1CC5F5B800BEC0FD /* Frameworks */,
				453ED62C1CC5F5B800BEC0FD /* Resources */,
			);
			buildRules = (
			);
			dependencies = (
				453ED6301CC5F5B800BEC0FD /* PBXTargetDependency */,
			);
			name = SY_ToolsTests;
			productName = SY_ToolsTests;
			productReference = 453ED62E1CC5F5B800BEC0FD /* SY_ToolsTests.xctest */;
			productType = "com.apple.product-type.bundle.unit-test";
		};
		453ED6381CC5F5B800BEC0FD /* SY_ToolsUITests */ = {
			isa = PBXNativeTarget;
			buildConfigurationList = 453ED6481CC5F5B800BEC0FD /* Build configuration list for PBXNativeTarget "SY_ToolsUITests" */;
			buildPhases = (
				453ED6351CC5F5B800BEC0FD /* Sources */,
				453ED6361CC5F5B800BEC0FD /* Frameworks */,
				453ED6371CC5F5B800BEC0FD /* Resources */,
			);
			buildRules = (
			);
			dependencies = (
				453ED63B1CC5F5B800BEC0FD /* PBXTargetDependency */,
			);
			name = SY_ToolsUITests;
			productName = SY_ToolsUITests;
			productReference = 453ED6391CC5F5B800BEC0FD /* SY_ToolsUITests.xctest */;
			productType = "com.apple.product-type.bundle.ui-testing";
		};
/* End PBXNativeTarget section */

/* Begin PBXProject section */
		453ED60D1CC5F5B800BEC0FD /* Project object */ = {
			isa = PBXProject;
			attributes = {
				LastUpgradeCheck = 0720;
				ORGANIZATIONNAME = shenyunxiang;
				TargetAttributes = {
					453ED6141CC5F5B800BEC0FD = {
						CreatedOnToolsVersion = 7.2.1;
						DevelopmentTeam = TQ2CP4Q9G3;
					};
					453ED62D1CC5F5B800BEC0FD = {
						CreatedOnToolsVersion = 7.2.1;
						TestTargetID = 453ED6141CC5F5B800BEC0FD;
					};
					453ED6381CC5F5B800BEC0FD = {
						CreatedOnToolsVersion = 7.2.1;
						TestTargetID = 453ED6141CC5F5B800BEC0FD;
					};
				};
			};
			buildConfigurationList = 453ED6101CC5F5B800BEC0FD /* Build configuration list for PBXProject "SY_Tools" */;
			compatibilityVersion = "Xcode 3.2";
			developmentRegion = English;
			hasScannedForEncodings = 0;
			knownRegions = (
				en,
				Base,
			);
			mainGroup = 453ED60C1CC5F5B800BEC0FD;
			productRefGroup = 453ED6161CC5F5B800BEC0FD /* Products */;
			projectDirPath = "";
			projectRoot = "";
			targets = (
				453ED6141CC5F5B800BEC0FD /* SY_Tools */,
				453ED62D1CC5F5B800BEC0FD /* SY_ToolsTests */,
				453ED6381CC5F5B800BEC0FD /* SY_ToolsUITests */,
			);
		};
/* End PBXProject section */

/* Begin PBXResourcesBuildPhase section */
		453ED6131CC5F5B800BEC0FD /* Resources */ = {
			isa = PBXResourcesBuildPhase;
			buildActionMask = 2147483647;
			files = (
				453ED6281CC5F5B800BEC0FD /* LaunchScreen.storyboard in Resources */,
				453ED6251CC5F5B800BEC0FD /* Assets.xcassets in Resources */,
				453ED6231CC5F5B800BEC0FD /* Main.storyboard in Resources */,
				453ED6541CC60F1A00BEC0FD /* 角标@2x.png in Resources */,
			);
			runOnlyForDeploymentPostprocessing = 0;
		};
		453ED62C1CC5F5B800BEC0FD /* Resources */ = {
			isa = PBXResourcesBuildPhase;
			buildActionMask = 2147483647;
			files = (
			);
			runOnlyForDeploymentPostprocessing = 0;
		};
		453ED6371CC5F5B800BEC0FD /* Resources */ = {
			isa = PBXResourcesBuildPhase;
			buildActionMask = 2147483647;
			files = (
			);
			runOnlyForDeploymentPostprocessing = 0;
		};
/* End PBXResourcesBuildPhase section */

/* Begin PBXSourcesBuildPhase section */
		453ED6111CC5F5B800BEC0FD /* Sources */ = {
			isa = PBXSourcesBuildPhase;
			buildActionMask = 2147483647;
			files = (
				453ED6201CC5F5B800BEC0FD /* ViewController.m in Sources */,
				453ED64E1CC5F74800BEC0FD /* UIButton+SYAdd.m in Sources */,
				453ED61D1CC5F5B800BEC0FD /* AppDelegate.m in Sources */,
				453ED6521CC5FE8C00BEC0FD /* SY_PicLableBtn.m in Sources */,
				453ED61A1CC5F5B800BEC0FD /* main.m in Sources */,
			);
			runOnlyForDeploymentPostprocessing = 0;
		};
		453ED62A1CC5F5B800BEC0FD /* Sources */ = {
			isa = PBXSourcesBuildPhase;
			buildActionMask = 2147483647;
			files = (
				453ED6331CC5F5B800BEC0FD /* SY_ToolsTests.m in Sources */,
			);
			runOnlyForDeploymentPostprocessing = 0;
		};
		453ED6351CC5F5B800BEC0FD /* Sources */ = {
			isa = PBXSourcesBuildPhase;
			buildActionMask = 2147483647;
			files = (
				453ED63E1CC5F5B800BEC0FD /* SY_ToolsUITests.m in Sources */,
			);
			runOnlyForDeploymentPostprocessing = 0;
		};
/* End PBXSourcesBuildPhase section */

/* Begin PBXTargetDependency section */
		453ED6301CC5F5B800BEC0FD /* PBXTargetDependency */ = {
			isa = PBXTargetDependency;
			target = 453ED6141CC5F5B800BEC0FD /* SY_Tools */;
			targetProxy = 453ED62F1CC5F5B800BEC0FD /* PBXContainerItemProxy */;
		};
		453ED63B1CC5F5B800BEC0FD /* PBXTargetDependency */ = {
			isa = PBXTargetDependency;
			target = 453ED6141CC5F5B800BEC0FD /* SY_Tools */;
			targetProxy = 453ED63A1CC5F5B800BEC0FD /* PBXContainerItemProxy */;
		};
/* End PBXTargetDependency section */

/* Begin PBXVariantGroup section */
		453ED6211CC5F5B800BEC0FD /* Main.storyboard */ = {
			isa = PBXVariantGroup;
			children = (
				453ED6221CC5F5B800BEC0FD /* Base */,
			);
			name = Main.storyboard;
			sourceTree = "<group>";
		};
		453ED6261CC5F5B800BEC0FD /* LaunchScreen.storyboard */ = {
			isa = PBXVariantGroup;
			children = (
				453ED6271CC5F5B800BEC0FD /* Base */,
			);
			name = LaunchScreen.storyboard;
			sourceTree = "<group>";
		};
/* End PBXVariantGroup section */

/* Begin XCBuildConfiguration section */
		453ED6401CC5F5B800BEC0FD /* Debug */ = {
			isa = XCBuildConfiguration;
			buildSettings = {
				ALWAYS_SEARCH_USER_PATHS = NO;
				CLANG_CXX_LANGUAGE_STANDARD = "gnu++0x";
				CLANG_CXX_LIBRARY = "libc++";
				CLANG_ENABLE_MODULES = YES;
				CLANG_ENABLE_OBJC_ARC = YES;
				CLANG_WARN_BOOL_CONVERSION = YES;
				CLANG_WARN_CONSTANT_CONVERSION = YES;
				CLANG_WARN_DIRECT_OBJC_ISA_USAGE = YES_ERROR;
				CLANG_WARN_EMPTY_BODY = YES;
				CLANG_WARN_ENUM_CONVERSION = YES;
				CLANG_WARN_INT_CONVERSION = YES;
				CLANG_WARN_OBJC_ROOT_CLASS = YES_ERROR;
				CLANG_WARN_UNREACHABLE_CODE = YES;
				CLANG_WARN__DUPLICATE_METHOD_MATCH = YES;
				"CODE_SIGN_IDENTITY[sdk=iphoneos*]" = "iPhone Developer";
				COPY_PHASE_STRIP = NO;
				DEBUG_INFORMATION_FORMAT = dwarf;
				ENABLE_STRICT_OBJC_MSGSEND = YES;
				ENABLE_TESTABILITY = YES;
				GCC_C_LANGUAGE_STANDARD = gnu99;
				GCC_DYNAMIC_NO_PIC = NO;
				GCC_NO_COMMON_BLOCKS = YES;
				GCC_OPTIMIZATION_LEVEL = 0;
				GCC_PREPROCESSOR_DEFINITIONS = (
					"DEBUG=1",
					"$(inherited)",
				);
				GCC_WARN_64_TO_32_BIT_CONVERSION = YES;
				GCC_WARN_ABOUT_RETURN_TYPE = YES_ERROR;
				GCC_WARN_UNDECLARED_SELECTOR = YES;
				GCC_WARN_UNINITIALIZED_AUTOS = YES_AGGRESSIVE;
				GCC_WARN_UNUSED_FUNCTION = YES;
				GCC_WARN_UNUSED_VARIABLE = YES;
				IPHONEOS_DEPLOYMENT_TARGET = 9.2;
				MTL_ENABLE_DEBUG_INFO = YES;
				ONLY_ACTIVE_ARCH = YES;
				SDKROOT = iphoneos;
			};
			name = Debug;
		};
		453ED6411CC5F5B800BEC0FD /* Release */ = {
			isa = XCBuildConfiguration;
			buildSettings = {
				ALWAYS_SEARCH_USER_PATHS = NO;
				CLANG_CXX_LANGUAGE_STANDARD = "gnu++0x";
				CLANG_CXX_LIBRARY = "libc++";
				CLANG_ENABLE_MODULES = YES;
				CLANG_ENABLE_OBJC_ARC = YES;
				CLANG_WARN_BOOL_CONVERSION = YES;
				CLANG_WARN_CONSTANT_CONVERSION = YES;
				CLANG_WARN_DIRECT_OBJC_ISA_USAGE = YES_ERROR;
				CLANG_WARN_EMPTY_BODY = YES;
				CLANG_WARN_ENUM_CONVERSION = YES;
				CLANG_WARN_INT_CONVERSION = YES;
				CLANG_WARN_OBJC_ROOT_CLASS = YES_ERROR;
				CLANG_WARN_UNREACHABLE_CODE = YES;
				CLANG_WARN__DUPLICATE_METHOD_MATCH = YES;
				"CODE_SIGN_IDENTITY[sdk=iphoneos*]" = "iPhone Developer";
				COPY_PHASE_STRIP = NO;
				DEBUG_INFORMATION_FORMAT = "dwarf-with-dsym";
				ENABLE_NS_ASSERTIONS = NO;
				ENABLE_STRICT_OBJC_MSGSEND = YES;
				GCC_C_LANGUAGE_STANDARD = gnu99;
				GCC_NO_COMMON_BLOCKS = YES;
				GCC_WARN_64_TO_32_BIT_CONVERSION = YES;
				GCC_WARN_ABOUT_RETURN_TYPE = YES_ERROR;
				GCC_WARN_UNDECLARED_SELECTOR = YES;
				GCC_WARN_UNINITIALIZED_AUTOS = YES_AGGRESSIVE;
				GCC_WARN_UNUSED_FUNCTION = YES;
				GCC_WARN_UNUSED_VARIABLE = YES;
				IPHONEOS_DEPLOYMENT_TARGET = 9.2;
				MTL_ENABLE_DEBUG_INFO = NO;
				SDKROOT = iphoneos;
				VALIDATE_PRODUCT = YES;
			};
			name = Release;
		};
		453ED6431CC5F5B800BEC0FD /* Debug */ = {
			isa = XCBuildConfiguration;
			buildSettings = {
				ASSETCATALOG_COMPILER_APPICON_NAME = AppIcon;
				CODE_SIGN_IDENTITY = "iPhone Developer";
				INFOPLIST_FILE = SY_Tools/Info.plist;
				IPHONEOS_DEPLOYMENT_TARGET = 8.0;
				LD_RUNPATH_SEARCH_PATHS = "$(inherited) @executable_path/Frameworks";
				PRODUCT_BUNDLE_IDENTIFIER = "com.yueme.SY-Tools";
				PRODUCT_NAME = "$(TARGET_NAME)";
			};
			name = Debug;
		};
		453ED6441CC5F5B800BEC0FD /* Release */ = {
			isa = XCBuildConfiguration;
			buildSettings = {
				ASSETCATALOG_COMPILER_APPICON_NAME = AppIcon;
				CODE_SIGN_IDENTITY = "iPhone Developer";
				INFOPLIST_FILE = SY_Tools/Info.plist;
				IPHONEOS_DEPLOYMENT_TARGET = 8.0;
				LD_RUNPATH_SEARCH_PATHS = "$(inherited) @executable_path/Frameworks";
				PRODUCT_BUNDLE_IDENTIFIER = "com.yueme.SY-Tools";
				PRODUCT_NAME = "$(TARGET_NAME)";
			};
			name = Release;
		};
		453ED6461CC5F5B800BEC0FD /* Debug */ = {
			isa = XCBuildConfiguration;
			buildSettings = {
				BUNDLE_LOADER = "$(TEST_HOST)";
				INFOPLIST_FILE = SY_ToolsTests/Info.plist;
				LD_RUNPATH_SEARCH_PATHS = "$(inherited) @executable_path/Frameworks @loader_path/Frameworks";
				PRODUCT_BUNDLE_IDENTIFIER = "com.yueme.SY-ToolsTests";
				PRODUCT_NAME = "$(TARGET_NAME)";
				TEST_HOST = "$(BUILT_PRODUCTS_DIR)/SY_Tools.app/SY_Tools";
			};
			name = Debug;
		};
		453ED6471CC5F5B800BEC0FD /* Release */ = {
			isa = XCBuildConfiguration;
			buildSettings = {
				BUNDLE_LOADER = "$(TEST_HOST)";
				INFOPLIST_FILE = SY_ToolsTests/Info.plist;
				LD_RUNPATH_SEARCH_PATHS = "$(inherited) @executable_path/Frameworks @loader_path/Frameworks";
				PRODUCT_BUNDLE_IDENTIFIER = "com.yueme.SY-ToolsTests";
				PRODUCT_NAME = "$(TARGET_NAME)";
				TEST_HOST = "$(BUILT_PRODUCTS_DIR)/SY_Tools.app/SY_Tools";
			};
			name = Release;
		};
		453ED6491CC5F5B800BEC0FD /* Debug */ = {
			isa = XCBuildConfiguration;
			buildSettings = {
				INFOPLIST_FILE = SY_ToolsUITests/Info.plist;
				LD_RUNPATH_SEARCH_PATHS = "$(inherited) @executable_path/Frameworks @loader_path/Frameworks";
				PRODUCT_BUNDLE_IDENTIFIER = "com.yueme.SY-ToolsUITests";
				PRODUCT_NAME = "$(TARGET_NAME)";
				TEST_TARGET_NAME = SY_Tools;
				USES_XCTRUNNER = YES;
			};
			name = Debug;
		};
		453ED64A1CC5F5B800BEC0FD /* Release */ = {
			isa = XCBuildConfiguration;
			buildSettings = {
				INFOPLIST_FILE = SY_ToolsUITests/Info.plist;
				LD_RUNPATH_SEARCH_PATHS = "$(inherited) @executable_path/Frameworks @loader_path/Frameworks";
				PRODUCT_BUNDLE_IDENTIFIER = "com.yueme.SY-ToolsUITests";
				PRODUCT_NAME = "$(TARGET_NAME)";
				TEST_TARGET_NAME = SY_Tools;
				USES_XCTRUNNER = YES;
			};
			name = Release;
		};
/* End XCBuildConfiguration section */

/* Begin XCConfigurationList section */
		453ED6101CC5F5B800BEC0FD /* Build configuration list for PBXProject "SY_Tools" */ = {
			isa = XCConfigurationList;
			buildConfigurations = (
				453ED6401CC5F5B800BEC0FD /* Debug */,
				453ED6411CC5F5B800BEC0FD /* Release */,
			);
			defaultConfigurationIsVisible = 0;
			defaultConfigurationName = Release;
		};
		453ED6421CC5F5B800BEC0FD /* Build configuration list for PBXNativeTarget "SY_Tools" */ = {
			isa = XCConfigurationList;
			buildConfigurations = (
				453ED6431CC5F5B800BEC0FD /* Debug */,
				453ED6441CC5F5B800BEC0FD /* Release */,
			);
			defaultConfigurationIsVisible = 0;
		};
		453ED6451CC5F5B800BEC0FD /* Build configuration list for PBXNativeTarget "SY_ToolsTests" */ = {
			isa = XCConfigurationList;
			buildConfigurations = (
				453ED6461CC5F5B800BEC0FD /* Debug */,
				453ED6471CC5F5B800BEC0FD /* Release */,
			);
			defaultConfigurationIsVisible = 0;
		};
		453ED6481CC5F5B800BEC0FD /* Build configuration list for PBXNativeTarget "SY_ToolsUITests" */ = {
			isa = XCConfigurationList;
			buildConfigurations = (
				453ED6491CC5F5B800BEC0FD /* Debug */,
				453ED64A1CC5F5B800BEC0FD /* Release */,
			);
			defaultConfigurationIsVisible = 0;
		};
/* End XCConfigurationList section */
	};
	rootObject = 453ED60D1CC5F5B800BEC0FD /* Project object */;
}
